
Microsoft Visual Studio Solution File, Format Version 12.00
# Visual Studio Version 17
VisualStudioVersion = 17.4.33205.214
MinimumVisualStudioVersion = 10.0.40219.1
Project("{FAE04EC0-301F-11D3-BF4B-00C04F79EFBC}") = "AJAXDemo", "AJAXDemo\AJAXDemo.csproj", "{7D11D583-D415-4695-A6D5-15C5C9B9887D}"
EndProject
Global
	GlobalSection(SolutionConfigurationPlatforms) = preSolution
		Debug|Any CPU = Debug|Any CPU
		Release|Any CPU = Release|Any CPU
	EndGlobalSection
	GlobalSection(ProjectConfigurationPlatforms) = postSolution
		{7D11D583-D415-4695-A6D5-15C5C9B9887D}.Debug|Any CPU.ActiveCfg = Debug|Any CPU
		{7D11D583-D415-4695-A6D5-15C5C9B9887D}.Debug|Any CPU.Build.0 = Debug|Any CPU
		{7D11D583-D415-4695-A6D5-15C5C9B9887D}.Release|Any CPU.ActiveCfg = Release|Any CPU
		{7D11D583-D415-4695-A6D5-15C5C9B9887D}.Release|Any CPU.Build.0 = Release|Any CPU
	EndGlobalSection
	GlobalSection(SolutionProperties) = preSolution
		HideSolutionNode = FALSE
	EndGlobalSection
	GlobalSection(ExtensibilityGlobals) = postSolution
		SolutionGuid = {455A8285-8DF7-4C94-A4F4-98B8DF6D0339}
	EndGlobalSection
EndGlobal
